{
    "_meta": {
        "hash": {
            "sha256": "0181b2b4d651418f285cecbab9a9c870952003d50936fed1c73d6dc59af9f013"
        },
        "pipfile-spec": 6,
        "requires": {
            "python_version": "3.9"
        },
        "sources": [
            {
                "name": "pypi",
                "url": "https://pypi.org/simple",
                "verify_ssl": true
            }
        ]
    },
    "default": {
        "absl-py": {
            "hashes": [
                "sha256:afe94e3c751ff81aad55d33ab6e630390da32780110b5af72ae81ecff8418d9e",
                "sha256:b44f68984a5ceb2607d135a615999b93924c771238a63920d17d3387b0d229d5"
            ],
            "index": "pypi",
            "version": "==0.12.0"
        },
        "certifi": {
            "hashes": [
                "sha256:1a4995114262bffbc2413b159f2a1a480c969de6e6eb13ee966d470af86af59c",
                "sha256:719a74fb9e33b9bd44cc7f3a8d94bc35e4049deebe19ba7d8e108280cfd59830"
            ],
            "version": "==2020.12.5"
        },
        "chardet": {
            "hashes": [
                "sha256:0d6f53a15db4120f2b08c94f11e7d93d2c911ee118b6b30a04ec3ee8310179fa",
                "sha256:f864054d66fd9118f2e67044ac8981a54775ec5b67aed0441892edb553d21da5"
            ],
            "markers": "python_version >= '2.7' and python_version not in '3.0, 3.1, 3.2, 3.3, 3.4'",
            "version": "==4.0.0"
        },
        "cheroot": {
            "hashes": [
                "sha256:7ba11294a83468a27be6f06066df8a0f17d954ad05945f28d228aa3f4cd1b03c",
                "sha256:f137d03fd5155b1364bea557a7c98168665c239f6c8cedd8f80e81cdfac01567"
            ],
            "index": "pypi",
            "version": "==8.5.2"
        },
        "crontab": {
            "hashes": [
                "sha256:9678e38bcd7f3e51a3b9a0ce8ebeff2b4ab2d9fe629186cb5a896ccad85fd3d0"
            ],
            "index": "pypi",
            "version": "==0.22.9"
        },
        "cymysql": {
            "hashes": [
                "sha256:7f5d1285f5434421aed25ff4159151a649d165645d07cbed4ca26927022a13b7"
            ],
            "index": "pypi",
            "version": "==0.9.15"
        },
        "elasticsearch": {
            "hashes": [
                "sha256:9a77172be02bc4855210d83f0f1346a1e7d421e3cb2ca47ba81ac0c5a717b3a0",
                "sha256:c67b0f6541eda6de9f92eaea319c070aa2710c5d4d4ee5e3dfa3c21bd95aa378"
            ],
            "index": "pypi",
            "version": "==7.12.0"
        },
        "elasticsearch-dsl": {
            "hashes": [
                "sha256:0ed75f6ff037e36b2397a8e92cae0ddde79b83adc70a154b8946064cb62f7301",
                "sha256:9390d8e5cf82ebad3505e7f656e407259cf703f5a4035f211cef454127672572"
            ],
            "index": "pypi",
            "version": "==7.3.0"
        },
        "greenlet": {
            "hashes": [
                "sha256:0a77691f0080c9da8dfc81e23f4e3cffa5accf0f5b56478951016d7cfead9196",
                "sha256:0ddd77586553e3daf439aa88b6642c5f252f7ef79a39271c25b1d4bf1b7cbb85",
                "sha256:111cfd92d78f2af0bc7317452bd93a477128af6327332ebf3c2be7df99566683",
                "sha256:122c63ba795fdba4fc19c744df6277d9cfd913ed53d1a286f12189a0265316dd",
                "sha256:181300f826625b7fd1182205b830642926f52bd8cdb08b34574c9d5b2b1813f7",
                "sha256:1a1ada42a1fd2607d232ae11a7b3195735edaa49ea787a6d9e6a53afaf6f3476",
                "sha256:1bb80c71de788b36cefb0c3bb6bfab306ba75073dbde2829c858dc3ad70f867c",
                "sha256:1d1d4473ecb1c1d31ce8fd8d91e4da1b1f64d425c1dc965edc4ed2a63cfa67b2",
                "sha256:292e801fcb3a0b3a12d8c603c7cf340659ea27fd73c98683e75800d9fd8f704c",
                "sha256:2c65320774a8cd5fdb6e117c13afa91c4707548282464a18cf80243cf976b3e6",
                "sha256:4365eccd68e72564c776418c53ce3c5af402bc526fe0653722bc89efd85bf12d",
                "sha256:5352c15c1d91d22902582e891f27728d8dac3bd5e0ee565b6a9f575355e6d92f",
                "sha256:58ca0f078d1c135ecf1879d50711f925ee238fe773dfe44e206d7d126f5bc664",
                "sha256:5d4030b04061fdf4cbc446008e238e44936d77a04b2b32f804688ad64197953c",
                "sha256:5d69bbd9547d3bc49f8a545db7a0bd69f407badd2ff0f6e1a163680b5841d2b0",
                "sha256:5f297cb343114b33a13755032ecf7109b07b9a0020e841d1c3cedff6602cc139",
                "sha256:62afad6e5fd70f34d773ffcbb7c22657e1d46d7fd7c95a43361de979f0a45aef",
                "sha256:647ba1df86d025f5a34043451d7c4a9f05f240bee06277a524daad11f997d1e7",
                "sha256:719e169c79255816cdcf6dccd9ed2d089a72a9f6c42273aae12d55e8d35bdcf8",
                "sha256:7cd5a237f241f2764324396e06298b5dee0df580cf06ef4ada0ff9bff851286c",
                "sha256:875d4c60a6299f55df1c3bb870ebe6dcb7db28c165ab9ea6cdc5d5af36bb33ce",
                "sha256:90b6a25841488cf2cb1c8623a53e6879573010a669455046df5f029d93db51b7",
                "sha256:94620ed996a7632723a424bccb84b07e7b861ab7bb06a5aeb041c111dd723d36",
                "sha256:b5f1b333015d53d4b381745f5de842f19fe59728b65f0fbb662dafbe2018c3a5",
                "sha256:c5b22b31c947ad8b6964d4ed66776bcae986f73669ba50620162ba7c832a6b6a",
                "sha256:c93d1a71c3fe222308939b2e516c07f35a849c5047f0197442a4d6fbcb4128ee",
                "sha256:cdb90267650c1edb54459cdb51dab865f6c6594c3a47ebd441bc493360c7af70",
                "sha256:cfd06e0f0cc8db2a854137bd79154b61ecd940dce96fad0cba23fe31de0b793c",
                "sha256:d3789c1c394944084b5e57c192889985a9f23bd985f6d15728c745d380318128",
                "sha256:da7d09ad0f24270b20f77d56934e196e982af0d0a2446120cb772be4e060e1a2",
                "sha256:df3e83323268594fa9755480a442cabfe8d82b21aba815a71acf1bb6c1776218",
                "sha256:df8053867c831b2643b2c489fe1d62049a98566b1646b194cc815f13e27b90df",
                "sha256:e1128e022d8dce375362e063754e129750323b67454cac5600008aad9f54139e",
                "sha256:e6e9fdaf6c90d02b95e6b0709aeb1aba5affbbb9ccaea5502f8638e4323206be",
                "sha256:eac8803c9ad1817ce3d8d15d1bb82c2da3feda6bee1153eec5c58fa6e5d3f770",
                "sha256:eb333b90036358a0e2c57373f72e7648d7207b76ef0bd00a4f7daad1f79f5203",
                "sha256:ed1d1351f05e795a527abc04a0d82e9aecd3bdf9f46662c36ff47b0b00ecaf06",
                "sha256:f3dc68272990849132d6698f7dc6df2ab62a88b0d36e54702a8fd16c0490e44f",
                "sha256:f59eded163d9752fd49978e0bab7a1ff21b1b8d25c05f0995d140cc08ac83379",
                "sha256:f5e2d36c86c7b03c94b8459c3bd2c9fe2c7dab4b258b8885617d44a22e453fb7",
                "sha256:f6f65bf54215e4ebf6b01e4bb94c49180a589573df643735107056f7a910275b",
                "sha256:f8450d5ef759dbe59f84f2c9f77491bb3d3c44bc1a573746daf086e70b14c243",
                "sha256:f97d83049715fd9dec7911860ecf0e17b48d8725de01e45de07d8ac0bd5bc378"
            ],
            "markers": "python_version >= '3'",
            "version": "==1.0.0"
        },
        "idna": {
            "hashes": [
                "sha256:b307872f855b18632ce0c21c5e45be78c0ea7ae4c15c828c20788b26921eb3f6",
                "sha256:b97d804b1e9b523befed77c48dacec60e6dcb0b5391d57af6a65a312a90648c0"
            ],
            "markers": "python_version >= '2.7' and python_version not in '3.0, 3.1, 3.2, 3.3'",
            "version": "==2.10"
        },
        "injector": {
            "hashes": [
                "sha256:9e6e7e63050630b2fc3fe1472bdc7ae5f98ca0242ca8506f562f3d9836170f91",
                "sha256:ced88ee14183b9f95b2cb6cdb17bf7382499fad187dee0dace6891874ae4b182"
            ],
            "index": "pypi",
            "version": "==0.18.4"
        },
        "jaraco.functools": {
            "hashes": [
                "sha256:7c788376d69cf41da675b186c85366fe9ac23c92a70697c455ef9135c25edf31",
                "sha256:bfcf7da71e2a0e980189b0744b59dba6c1dcf66dcd7a30f8a4413e478046b314"
            ],
            "markers": "python_version >= '3.6'",
            "version": "==3.3.0"
        },
        "jinja2": {
            "hashes": [
                "sha256:03e47ad063331dd6a3f04a43eddca8a966a26ba0c5b7207a9a9e4e08f1b29419",
                "sha256:a6d58433de0ae800347cab1fa3043cebbabe8baa9d29e668f1c768cb87a333c6"
            ],
            "index": "pypi",
            "version": "==2.11.3"
        },
        "joblib": {
            "hashes": [
                "sha256:9c17567692206d2f3fb9ecf5e991084254fe631665c450b443761c4186a613f7",
                "sha256:feeb1ec69c4d45129954f1b7034954241eedfd6ba39b5e9e4b6883be3332d5e5"
            ],
            "index": "pypi",
            "version": "==1.0.1"
        },
        "logstash-formatter": {
            "hashes": [
                "sha256:163f5ef62df5459f1d36dcb54e9c3f8f0c90157a324a3361887532b615bf4fb9"
            ],
            "index": "pypi",
            "version": "==0.5.17"
        },
        "markupsafe": {
            "hashes": [
                "sha256:00bc623926325b26bb9605ae9eae8a215691f33cae5df11ca5424f06f2d1f473",
                "sha256:09027a7803a62ca78792ad89403b1b7a73a01c8cb65909cd876f7fcebd79b161",
                "sha256:09c4b7f37d6c648cb13f9230d847adf22f8171b1ccc4d5682398e77f40309235",
                "sha256:1027c282dad077d0bae18be6794e6b6b8c91d58ed8a8d89a89d59693b9131db5",
                "sha256:13d3144e1e340870b25e7b10b98d779608c02016d5184cfb9927a9f10c689f42",
                "sha256:195d7d2c4fbb0ee8139a6cf67194f3973a6b3042d742ebe0a9ed36d8b6f0c07f",
                "sha256:22c178a091fc6630d0d045bdb5992d2dfe14e3259760e713c490da5323866c39",
                "sha256:24982cc2533820871eba85ba648cd53d8623687ff11cbb805be4ff7b4c971aff",
                "sha256:29872e92839765e546828bb7754a68c418d927cd064fd4708fab9fe9c8bb116b",
                "sha256:2beec1e0de6924ea551859edb9e7679da6e4870d32cb766240ce17e0a0ba2014",
                "sha256:3b8a6499709d29c2e2399569d96719a1b21dcd94410a586a18526b143ec8470f",
                "sha256:43a55c2930bbc139570ac2452adf3d70cdbb3cfe5912c71cdce1c2c6bbd9c5d1",
                "sha256:46c99d2de99945ec5cb54f23c8cd5689f6d7177305ebff350a58ce5f8de1669e",
                "sha256:500d4957e52ddc3351cabf489e79c91c17f6e0899158447047588650b5e69183",
                "sha256:535f6fc4d397c1563d08b88e485c3496cf5784e927af890fb3c3aac7f933ec66",
                "sha256:596510de112c685489095da617b5bcbbac7dd6384aeebeda4df6025d0256a81b",
                "sha256:62fe6c95e3ec8a7fad637b7f3d372c15ec1caa01ab47926cfdf7a75b40e0eac1",
                "sha256:6788b695d50a51edb699cb55e35487e430fa21f1ed838122d722e0ff0ac5ba15",
                "sha256:6dd73240d2af64df90aa7c4e7481e23825ea70af4b4922f8ede5b9e35f78a3b1",
                "sha256:6f1e273a344928347c1290119b493a1f0303c52f5a5eae5f16d74f48c15d4a85",
                "sha256:6fffc775d90dcc9aed1b89219549b329a9250d918fd0b8fa8d93d154918422e1",
                "sha256:717ba8fe3ae9cc0006d7c451f0bb265ee07739daf76355d06366154ee68d221e",
                "sha256:79855e1c5b8da654cf486b830bd42c06e8780cea587384cf6545b7d9ac013a0b",
                "sha256:7c1699dfe0cf8ff607dbdcc1e9b9af1755371f92a68f706051cc8c37d447c905",
                "sha256:7fed13866cf14bba33e7176717346713881f56d9d2bcebab207f7a036f41b850",
                "sha256:84dee80c15f1b560d55bcfe6d47b27d070b4681c699c572af2e3c7cc90a3b8e0",
                "sha256:88e5fcfb52ee7b911e8bb6d6aa2fd21fbecc674eadd44118a9cc3863f938e735",
                "sha256:8defac2f2ccd6805ebf65f5eeb132adcf2ab57aa11fdf4c0dd5169a004710e7d",
                "sha256:98bae9582248d6cf62321dcb52aaf5d9adf0bad3b40582925ef7c7f0ed85fceb",
                "sha256:98c7086708b163d425c67c7a91bad6e466bb99d797aa64f965e9d25c12111a5e",
                "sha256:9add70b36c5666a2ed02b43b335fe19002ee5235efd4b8a89bfcf9005bebac0d",
                "sha256:9bf40443012702a1d2070043cb6291650a0841ece432556f784f004937f0f32c",
                "sha256:a6a744282b7718a2a62d2ed9d993cad6f5f585605ad352c11de459f4108df0a1",
                "sha256:acf08ac40292838b3cbbb06cfe9b2cb9ec78fce8baca31ddb87aaac2e2dc3bc2",
                "sha256:ade5e387d2ad0d7ebf59146cc00c8044acbd863725f887353a10df825fc8ae21",
                "sha256:b00c1de48212e4cc9603895652c5c410df699856a2853135b3967591e4beebc2",
                "sha256:b1282f8c00509d99fef04d8ba936b156d419be841854fe901d8ae224c59f0be5",
                "sha256:b1dba4527182c95a0db8b6060cc98ac49b9e2f5e64320e2b56e47cb2831978c7",
                "sha256:b2051432115498d3562c084a49bba65d97cf251f5a331c64a12ee7e04dacc51b",
                "sha256:b7d644ddb4dbd407d31ffb699f1d140bc35478da613b441c582aeb7c43838dd8",
                "sha256:ba59edeaa2fc6114428f1637ffff42da1e311e29382d81b339c1817d37ec93c6",
                "sha256:bf5aa3cbcfdf57fa2ee9cd1822c862ef23037f5c832ad09cfea57fa846dec193",
                "sha256:c8716a48d94b06bb3b2524c2b77e055fb313aeb4ea620c8dd03a105574ba704f",
                "sha256:caabedc8323f1e93231b52fc32bdcde6db817623d33e100708d9a68e1f53b26b",
                "sha256:cd5df75523866410809ca100dc9681e301e3c27567cf498077e8551b6d20e42f",
                "sha256:cdb132fc825c38e1aeec2c8aa9338310d29d337bebbd7baa06889d09a60a1fa2",
                "sha256:d53bc011414228441014aa71dbec320c66468c1030aae3a6e29778a3382d96e5",
                "sha256:d73a845f227b0bfe8a7455ee623525ee656a9e2e749e4742706d80a6065d5e2c",
                "sha256:d9be0ba6c527163cbed5e0857c451fcd092ce83947944d6c14bc95441203f032",
                "sha256:e249096428b3ae81b08327a63a485ad0878de3fb939049038579ac0ef61e17e7",
                "sha256:e8313f01ba26fbbe36c7be1966a7b7424942f670f38e666995b88d012765b9be",
                "sha256:feb7b34d6325451ef96bc0e36e1a6c0c1c64bc1fbec4b854f4529e51887b1621"
            ],
            "markers": "python_version >= '2.7' and python_version not in '3.0, 3.1, 3.2, 3.3'",
            "version": "==1.1.1"
        },
        "more-itertools": {
            "hashes": [
                "sha256:5652a9ac72209ed7df8d9c15daf4e1aa0e3d2ccd3c87f8265a0673cd9cbc9ced",
                "sha256:c5d6da9ca3ff65220c3bfd2a8db06d698f05d4d2b9be57e1deb2be5a45019713"
            ],
            "markers": "python_version >= '3.5'",
            "version": "==8.7.0"
        },
        "numpy": {
            "hashes": [
                "sha256:2428b109306075d89d21135bdd6b785f132a1f5a3260c371cee1fae427e12727",
                "sha256:377751954da04d4a6950191b20539066b4e19e3b559d4695399c5e8e3e683bf6",
                "sha256:4703b9e937df83f5b6b7447ca5912b5f5f297aba45f91dbbbc63ff9278c7aa98",
                "sha256:471c0571d0895c68da309dacee4e95a0811d0a9f9f532a48dc1bea5f3b7ad2b7",
                "sha256:61d5b4cf73622e4d0c6b83408a16631b670fc045afd6540679aa35591a17fe6d",
                "sha256:6c915ee7dba1071554e70a3664a839fbc033e1d6528199d4621eeaaa5487ccd2",
                "sha256:6e51e417d9ae2e7848314994e6fc3832c9d426abce9328cf7571eefceb43e6c9",
                "sha256:719656636c48be22c23641859ff2419b27b6bdf844b36a2447cb39caceb00935",
                "sha256:780ae5284cb770ade51d4b4a7dce4faa554eb1d88a56d0e8b9f35fca9b0270ff",
                "sha256:878922bf5ad7550aa044aa9301d417e2d3ae50f0f577de92051d739ac6096cee",
                "sha256:924dc3f83de20437de95a73516f36e09918e9c9c18d5eac520062c49191025fb",
                "sha256:97ce8b8ace7d3b9288d88177e66ee75480fb79b9cf745e91ecfe65d91a856042",
                "sha256:9c0fab855ae790ca74b27e55240fe4f2a36a364a3f1ebcfd1fb5ac4088f1cec3",
                "sha256:9cab23439eb1ebfed1aaec9cd42b7dc50fc96d5cd3147da348d9161f0501ada5",
                "sha256:a8e6859913ec8eeef3dbe9aed3bf475347642d1cdd6217c30f28dee8903528e6",
                "sha256:aa046527c04688af680217fffac61eec2350ef3f3d7320c07fd33f5c6e7b4d5f",
                "sha256:abc81829c4039e7e4c30f7897938fa5d4916a09c2c7eb9b244b7a35ddc9656f4",
                "sha256:bad70051de2c50b1a6259a6df1daaafe8c480ca98132da98976d8591c412e737",
                "sha256:c73a7975d77f15f7f68dacfb2bca3d3f479f158313642e8ea9058eea06637931",
                "sha256:d15007f857d6995db15195217afdbddfcd203dfaa0ba6878a2f580eaf810ecd6",
                "sha256:d76061ae5cab49b83a8cf3feacefc2053fac672728802ac137dd8c4123397677",
                "sha256:e8e4fbbb7e7634f263c5b0150a629342cc19b47c5eba8d1cd4363ab3455ab576",
                "sha256:e9459f40244bb02b2f14f6af0cd0732791d72232bbb0dc4bab57ef88e75f6935",
                "sha256:edb1f041a9146dcf02cd7df7187db46ab524b9af2515f392f337c7cbbf5b52cd"
            ],
            "index": "pypi",
            "version": "==1.20.2"
        },
        "opencv-contrib-python-headless": {
            "hashes": [
                "sha256:07db4770c32f4f8da5a8386221e5f99c3d04b5b45661314e1ad1b4100b4a1690",
                "sha256:0c64b365b2e47c1973b329d2406cef022e62d1646d64f3ecac45c484f2213fcf",
                "sha256:140776d1ad187d80e07a328943fdd9bb3960f8356b11391c1623b7a5c73d21d5",
                "sha256:176afd81a7bf5bdd3a42234e4bce46718784d6e98c05eee76662108920b9d742",
                "sha256:27d41f21fd6522f2ccbe4a08b3e63c11cb6fafb5011799d9b509f3a3ca119bda",
                "sha256:2a9f6520748ea8b1911b9dbc90a1b8e16261f65e844a1c26e5dd58866c2b65c7",
                "sha256:2da0f8c1e6e50e1439c8fae1bb29509880a40f1882b50161e06c43b7fcf077c8",
                "sha256:31dcc44eb1b354b4a26f7aaefdd1aebffa94059f49bb73c77e2cd9b40de1bcd2",
                "sha256:45edd6bb571d153613fc597faea621e0ebfc4b596919bdc6670daceec77cb3c4",
                "sha256:4da3dbf1fc76924cfea0759076fce91fa6b82d1b7ff1f6469a3bd6dcaeccddb3",
                "sha256:604d0d4d426c606e0c2cea240f0fda3c327639e2d7b016539113855a309722e4",
                "sha256:6b8751256c3457a6fd6401f589e2253a4a8f15544e938d0ebdc5f62a00f7a431",
                "sha256:6cc3178711ac39f59cf594aeb90e948d36eedc80ace02fb93b7ca4301b73ddce",
                "sha256:7e3e5281f7d7f822cd79e77dee3807e33ec8cc6141ef79b5ac14074dfbddf7f1",
                "sha256:87ab0df55eeb53d8be760103744336a42e1a8d66aba4a9185497acec8ff0f040",
                "sha256:89e0820e0e2432f488a10031ebdc8b03c28c16a0629b30e2191b42addaa85665",
                "sha256:9739f461c769cfe11b0ab36eafe828d883158f39f92971fa1f52079c01ce5603",
                "sha256:99790cfd7007a86fce40fe735d780ba2617e27c5bfa2e05fc3cdffa0cf8d891f",
                "sha256:9c397fe18d1b7cade6c9a3246bb06be36ae5c2a29bf1d2f1a6ebf02c10a42b7f",
                "sha256:b220184dfe2de1034a01c516b01e6509ad1f68a8565306bdf5f93b23c792cd63",
                "sha256:b56eda2c15da9e9bc389b4fc795c62ce0cb5dfd5692c203e43c6ba8d839b371e",
                "sha256:c1852f3f494dbcf0a5cc17865e1670a516af413c9bf5216d8fbf54708df6104f",
                "sha256:d8e65cd866c8204cbcf39b3c0ca36c5e579e03be823c5a0ccf32ef1c9f61c069",
                "sha256:e0ffd52336feda64bf14d1daec1de2f6de845119bc02f961a5c9b309e1958e9d",
                "sha256:ec5a763a2e22700a612bc5ebad5bc017be0a823474fa664a8e9532fff863a9d1"
            ],
            "index": "pypi",
            "version": "==4.5.1.48"
        },
        "prometheus-client": {
            "hashes": [
                "sha256:1e7bc14fd6ca9c3fc07309b73a7a3469920dfe88ca9f331c02258cc62736cbc2",
                "sha256:c5843b3e1b4689a3599a2463e5b5850d110d1a7e28a94bdc2c6f5bb6585cfb18"
            ],
            "index": "pypi",
            "version": "==0.10.0"
        },
        "python-dateutil": {
            "hashes": [
                "sha256:73ebfe9dbf22e832286dafa60473e4cd239f8592f699aa5adaf10050e6e1823c",
                "sha256:75bb3f31ea686f1197762692a9ee6a7550b59fc6ca3a1f4b5d7e32fb98e2da2a"
            ],
            "markers": "python_version >= '2.7' and python_version not in '3.0, 3.1, 3.2, 3.3'",
            "version": "==2.8.1"
        },
        "pywavelets": {
            "hashes": [
                "sha256:076ca8907001fdfe4205484f719d12b4a0262dfe6652fa1cfc3c5c362d14dc84",
                "sha256:18a51b3f9416a2ae6e9a35c4af32cf520dd7895f2b69714f4aa2f4342fca47f9",
                "sha256:1a64b40f6acb4ffbaccce0545d7fc641744f95351f62e4c6aaa40549326008c9",
                "sha256:2b634a54241c190ee989a4af87669d377b37c91bcc9cf0efe33c10ff847f7841",
                "sha256:2f7429eeb5bf9c7068002d0d7f094ed654c77a70ce5e6198737fd68ab85f8311",
                "sha256:35959c041ec014648575085a97b498eafbbaa824f86f6e4a59bfdef8a3fe6308",
                "sha256:39c74740718e420d38c78ca4498568fa57976d78d5096277358e0fa9629a7aea",
                "sha256:411e17ca6ed8cf5e18a7ca5ee06a91c25800cc6c58c77986202abf98d749273a",
                "sha256:55e39ec848ceec13c9fa1598253ae9dd5c31d09dfd48059462860d2b908fb224",
                "sha256:6162dc0ae04669ea04b4b51420777b9ea2d30b0a9d02901b2a3b4d61d159c2e9",
                "sha256:68b5c33741d26c827074b3d8f0251de1c3019bb9567b8d303eb093c822ce28f1",
                "sha256:6bc78fb9c42a716309b4ace56f51965d8b5662c3ba19d4591749f31773db1125",
                "sha256:6ebfefebb5c6494a3af41ad8c60248a95da267a24b79ed143723d4502b1fe4d7",
                "sha256:720dbcdd3d91c6dfead79c80bf8b00a1d8aa4e5d551dc528c6d5151e4efc3403",
                "sha256:732bab78435c48be5d6bc75486ef629d7c8f112e07b313bf1f1a2220ab437277",
                "sha256:7947e51ca05489b85928af52a34fe67022ab5b81d4ae32a4109a99e883a0635e",
                "sha256:79f5b54f9dc353e5ee47f0c3f02bebd2c899d49780633aa771fed43fa20b3149",
                "sha256:80b924edbc012ded8aa8b91cb2fd6207fb1a9a3a377beb4049b8a07445cec6f0",
                "sha256:83c5e3eb78ce111c2f0b45f46106cc697c3cb6c4e5f51308e1f81b512c70c8fb",
                "sha256:889d4c5c5205a9c90118c1980df526857929841df33e4cd1ff1eff77c6817a65",
                "sha256:935ff247b8b78bdf77647fee962b1cc208c51a7b229db30b9ba5f6da3e675178",
                "sha256:98b2669c5af842a70cfab33a7043fcb5e7535a690a00cd251b44c9be0be418e5",
                "sha256:9e2528823ccf5a0a1d23262dfefe5034dce89cd84e4e124dc553dfcdf63ebb92",
                "sha256:bc5e87b72371da87c9bebc68e54882aada9c3114e640de180f62d5da95749cd3",
                "sha256:be105382961745f88d8196bba5a69ee2c4455d87ad2a2e5d1eed6bd7fda4d3fd",
                "sha256:c06d2e340c7bf8b9ec71da2284beab8519a3908eab031f4ea126e8ccfc3fd567",
                "sha256:c2a799e79cee81a862216c47e5623c97b95f1abee8dd1f9eed736df23fb653fb",
                "sha256:cfe79844526dd92e3ecc9490b5031fca5f8ab607e1e858feba232b1b788ff0ea",
                "sha256:d510aef84d9852653d079c84f2f81a82d5d09815e625f35c95714e7364570ad4",
                "sha256:e02a0558e0c2ac8b8bbe6a6ac18c136767ec56b96a321e0dfde2173adfa5a504"
            ],
            "index": "pypi",
            "version": "==1.1.1"
        },
        "requests": {
            "hashes": [
                "sha256:27973dd4a904a4f13b263a19c866c13b92a39ed1c964655f025f3f8d3d75b804",
                "sha256:c210084e36a42ae6b9219e00e48287def368a26d03a048ddad7bfee44f75871e"
            ],
            "index": "pypi",
            "version": "==2.25.1"
        },
        "six": {
            "hashes": [
                "sha256:30639c035cdb23534cd4aa2dd52c3bf48f06e5f4a941509c8bafd8ce11080259",
                "sha256:8b74bedcbbbaca38ff6d7491d76f2b06b3592611af620f8426e82dddb04a5ced"
            ],
            "markers": "python_version >= '2.7' and python_version not in '3.0, 3.1, 3.2, 3.3'",
            "version": "==1.15.0"
        },
        "sqlalchemy": {
            "hashes": [
                "sha256:02b039e0e7e6de2f15ea2d2de3995e31a170e700ec0b37b4eded662171711d19",
                "sha256:08943201a1e3c6238e48f4d5d56c27ea1e1b39d3d9f36a9d81fc3cfb0e1b83bd",
                "sha256:0ee0054d4a598d2920cae14bcbd33e200e02c5e3b47b902627f8cf5d4c9a2a4b",
                "sha256:11e7a86209f69273e75d2dd64b06c0c2660e39cd942fce2170515c404ed7358a",
                "sha256:1294f05916c044631fd626a4866326bbfbd17f62bd37510d000afaef4b35bd74",
                "sha256:2f11b5783933bff55291ca06496124347627d211ff2e509e846af1c35de0a3fb",
                "sha256:301d0cd6ef1dc73b607748183da857e712d6f743de8d92b1e1f8facfb0ba2aa2",
                "sha256:344b58b4b4193b72e8b768a51ef6eb5a4c948ce313a0f23e2ea081e71ce8ac0e",
                "sha256:44e11a06168782b6d485daef197783366ce7ab0d5eea0066c899ae06cef47bbc",
                "sha256:45b091ccbf94374ed14abde17e9a04522b0493a17282eaaf4383efdd413f5243",
                "sha256:48540072f43b3c080159ec1f24a4b014c0ee83d3b73795399974aa358a8cf71b",
                "sha256:4df07161897191ed8d4a0cfc92425c81296160e5c5f76c9256716d3085172883",
                "sha256:4f7ce3bfdab6520554af4a5b1df4513d45388624d015ba4d921daf48ce1d6503",
                "sha256:5361e25181b9872d6906c8c9be7dc05cb0a0951d71ee59ee5a71c1deb301b8a8",
                "sha256:6f8fdad2f335d2f3ca2f3ee3b01404f7abcf519b03de2c510f1f42d16e39ffb4",
                "sha256:70a1387396ea5b3022539b560c287daf79403d8b4b365f89b56d660e625a4457",
                "sha256:7481f9c2c832a3bf37c80bee44d91ac9938b815cc06f7e795b976e300914aab9",
                "sha256:7c0c7bb49167ac738ca6ee6e7f94a9988a7e4e261d8da335341e8c8c8f3b2e9b",
                "sha256:7de84feb31af3d8fdf819cac2042928d0b60d3cb16f49c4b2f48d88db46e79f6",
                "sha256:7f5087104c3c5af11ea59e49ae66c33ca98b14a47d3796ae97498fca53f84aef",
                "sha256:81badd7d3e0e6aba70a5d1b50fabe8112e9835a6fdb0684054c3fe5378ce0d01",
                "sha256:82f11b679df91275788be6734dd4a9dfa29bac67b85326992609f62b05bdab37",
                "sha256:8301ecf3e819eb5dbc171e84654ff60872807775301a55fe35b0ab2ba3742031",
                "sha256:8d6a9feb5efd2fdab25c6d5a0a5589fed9d789f5ec57ec12263fd0e60ce1dea6",
                "sha256:915d4fa08776c0252dc5a34fa15c6490f66f411ea1ac9492022f98875d6baf20",
                "sha256:94040a92b6676f9ffdab6c6b479b3554b927a635c90698c761960b266b04fc88",
                "sha256:a08027ae84efc563f0f2f341dda572eadebeca38c0ae028a009988f27e9e6230",
                "sha256:a103294583383660d9e06dbd82037dc8e94c184bdcb27b2be44ae4457dafc6b4",
                "sha256:c22bfac8d3b955cdb13f0fcd6343156bf56d925196cf7d9ab9ce9f61d3f1e11c",
                "sha256:c3810ebcf1d42c532c8f5c3f442c705d94442a27a32f2df5344f0857306ab321",
                "sha256:ee4ddc904fb6414b5118af5b8d45e428aac2ccda01326b2ba2fe4354b0d8d1ae",
                "sha256:f16801795f1ffe9472360589a04301018c79e4582a85e68067275bb4f765e4e2",
                "sha256:f62c57ceadedeb8e7b98b48ac4d684bf2b0f73b9d882fed3ca260d9aedf6403f",
                "sha256:fbb0fda1c574975807aceb0e2332e0ecfe9e5656c191ed482c1a5eafe7a33823"
            ],
            "index": "pypi",
            "version": "==1.4.5"
        },
        "urllib3": {
            "hashes": [
                "sha256:2f4da4594db7e1e110a944bb1b551fdf4e6c136ad42e4234131391e21eb5b0df",
                "sha256:e7b021f7241115872f92f43c6508082facffbd1c048e3c6e2bb9c2a157e28937"
            ],
            "markers": "python_version >= '2.7' and python_version not in '3.0, 3.1, 3.2, 3.3, 3.4' and python_version < '4'",
            "version": "==1.26.4"
        },
        "werkzeug": {
            "hashes": [
                "sha256:2de2a5db0baeae7b2d2664949077c2ac63fbd16d98da0ff71837f7d1dea3fd43",
                "sha256:6c80b1e5ad3665290ea39320b91e1be1e0d5f60652b964a3070216de83d2e47c"
            ],
            "index": "pypi",
            "version": "==1.0.1"
        }
    },
    "develop": {
        "yapf": {
            "hashes": [
                "sha256:408fb9a2b254c302f49db83c59f9aa0b4b0fd0ec25be3a5c51181327922ff63d",
                "sha256:e3a234ba8455fe201eaa649cdac872d590089a18b661e39bbac7020978dd9c2e"
            ],
            "index": "pypi",
            "version": "==0.31.0"
        }
    }
}
